{
  "requires": true,
  "lockfileVersion": 1,
  "dependencies": {
    "phoenix_live_view": {
      "version": "0.15.4",
      "resolved": "https://registry.npmjs.org/phoenix_live_view/-/phoenix_live_view-0.15.4.tgz",
      "integrity": "sha512-pC+cMoIkNe/bpcvjKpuvvWaD4a9VTetq7AcpOhpK8pg29RZle3esUN4faFWPl78NpeUIXh7kEd3feBNnuMFX1A=="
    }
  }
}
